# This file is automatically @generated by Poetry 1.7.1 and should not be changed by hand.

[[package]]
name = "anyio"
version = "4.2.0"
description = "High level compatibility layer for multiple asynchronous event loop implementations"
optional = false
python-versions = ">=3.8"
files = [
    {file = "anyio-4.2.0-py3-none-any.whl", hash = "sha256:745843b39e829e108e518c489b31dc757de7d2131d53fac32bd8df268227bfee"},
    {file = "anyio-4.2.0.tar.gz", hash = "sha256:e1875bb4b4e2de1669f4bc7869b6d3f54231cdced71605e6e64c9be77e3be50f"},
]

[package.dependencies]
exceptiongroup = {version = ">=1.0.2", markers = "python_version < \"3.11\""}
idna = ">=2.8"
sniffio = ">=1.1"
typing-extensions = {version = ">=4.1", markers = "python_version < \"3.11\""}

[package.extras]
doc = ["Sphinx (>=7)", "packaging", "sphinx-autodoc-typehints (>=1.2.0)", "sphinx-rtd-theme"]
test = ["anyio[trio]", "coverage[toml] (>=7)", "exceptiongroup (>=1.2.0)", "hypothesis (>=4.0)", "psutil (>=5.9)", "pytest (>=7.0)", "pytest-mock (>=3.6.1)", "trustme", "uvloop (>=0.17)"]
trio = ["trio (>=0.23)"]

[[package]]
name = "certifi"
version = "2023.11.17"
description = "Python package for providing Mozilla's CA Bundle."
optional = false
python-versions = ">=3.6"
files = [
    {file = "certifi-2023.11.17-py3-none-any.whl", hash = "sha256:e036ab49d5b79556f99cfc2d9320b34cfbe5be05c5871b51de9329f0603b0474"},
    {file = "certifi-2023.11.17.tar.gz", hash = "sha256:9b469f3a900bf28dc19b8cfbf8019bf47f7fdd1a65a1d4ffb98fc14166beb4d1"},
]

[[package]]
name = "exceptiongroup"
version = "1.2.0"
description = "Backport of PEP 654 (exception groups)"
optional = false
python-versions = ">=3.7"
files = [
    {file = "exceptiongroup-1.2.0-py3-none-any.whl", hash = "sha256:4bfd3996ac73b41e9b9628b04e079f193850720ea5945fc96a08633c66912f14"},
    {file = "exceptiongroup-1.2.0.tar.gz", hash = "sha256:91f5c769735f051a4290d52edd0858999b57e5876e9f85937691bd4c9fa3ed68"},
]

[package.extras]
test = ["pytest (>=6)"]

[[package]]
name = "h11"
version = "0.14.0"
description = "A pure-Python, bring-your-own-I/O implementation of HTTP/1.1"
optional = false
python-versions = ">=3.7"
files = [
    {file = "h11-0.14.0-py3-none-any.whl", hash = "sha256:e3fe4ac4b851c468cc8363d500db52c2ead036020723024a109d37346efaa761"},
    {file = "h11-0.14.0.tar.gz", hash = "sha256:8f19fbbe99e72420ff35c00b27a34cb9937e902a8b810e2c88300c6f0a3b699d"},
]

[[package]]
name = "h2"
version = "4.1.0"
description = "HTTP/2 State-Machine based protocol implementation"
optional = false
python-versions = ">=3.6.1"
files = [
    {file = "h2-4.1.0-py3-none-any.whl", hash = "sha256:03a46bcf682256c95b5fd9e9a99c1323584c3eec6440d379b9903d709476bc6d"},
    {file = "h2-4.1.0.tar.gz", hash = "sha256:a83aca08fbe7aacb79fec788c9c0bac936343560ed9ec18b82a13a12c28d2abb"},
]

[package.dependencies]
hpack = ">=4.0,<5"
hyperframe = ">=6.0,<7"

[[package]]
name = "hpack"
version = "4.0.0"
description = "Pure-Python HPACK header compression"
optional = false
python-versions = ">=3.6.1"
files = [
    {file = "hpack-4.0.0-py3-none-any.whl", hash = "sha256:84a076fad3dc9a9f8063ccb8041ef100867b1878b25ef0ee63847a5d53818a6c"},
    {file = "hpack-4.0.0.tar.gz", hash = "sha256:fc41de0c63e687ebffde81187a948221294896f6bdc0ae2312708df339430095"},
]

[[package]]
name = "httpcore"
version = "1.0.2"
description = "A minimal low-level HTTP client."
optional = false
python-versions = ">=3.8"
files = [
    {file = "httpcore-1.0.2-py3-none-any.whl", hash = "sha256:096cc05bca73b8e459a1fc3dcf585148f63e534eae4339559c9b8a8d6399acc7"},
    {file = "httpcore-1.0.2.tar.gz", hash = "sha256:9fc092e4799b26174648e54b74ed5f683132a464e95643b226e00c2ed2fa6535"},
]

[package.dependencies]
certifi = "*"
h11 = ">=0.13,<0.15"

[package.extras]
asyncio = ["anyio (>=4.0,<5.0)"]
http2 = ["h2 (>=3,<5)"]
socks = ["socksio (==1.*)"]
trio = ["trio (>=0.22.0,<0.23.0)"]

[[package]]
name = "httpx"
version = "0.26.0"
description = "The next generation HTTP client."
optional = false
python-versions = ">=3.8"
files = [
    {file = "httpx-0.26.0-py3-none-any.whl", hash = "sha256:8915f5a3627c4d47b73e8202457cb28f1266982d1159bd5779d86a80c0eab1cd"},
    {file = "httpx-0.26.0.tar.gz", hash = "sha256:451b55c30d5185ea6b23c2c793abf9bb237d2a7dfb901ced6ff69ad37ec1dfaf"},
]

[package.dependencies]
anyio = "*"
certifi = "*"
h2 = {version = ">=3,<5", optional = true, markers = "extra == \"http2\""}
httpcore = "==1.*"
idna = "*"
sniffio = "*"

[package.extras]
brotli = ["brotli", "brotlicffi"]
cli = ["click (==8.*)", "pygments (==2.*)", "rich (>=10,<14)"]
http2 = ["h2 (>=3,<5)"]
socks = ["socksio (==1.*)"]

[[package]]
name = "hyperframe"
version = "6.0.1"
description = "HTTP/2 framing layer for Python"
optional = false
python-versions = ">=3.6.1"
files = [
    {file = "hyperframe-6.0.1-py3-none-any.whl", hash = "sha256:0ec6bafd80d8ad2195c4f03aacba3a8265e57bc4cff261e802bf39970ed02a15"},
    {file = "hyperframe-6.0.1.tar.gz", hash = "sha256:ae510046231dc8e9ecb1a6586f63d2347bf4c8905914aa84ba585ae85f28a914"},
]

[[package]]
name = "idna"
version = "3.6"
description = "Internationalized Domain Names in Applications (IDNA)"
optional = false
python-versions = ">=3.5"
files = [
    {file = "idna-3.6-py3-none-any.whl", hash = "sha256:c05567e9c24a6b9faaa835c4821bad0590fbb9d5779e7caa6e1cc4978e7eb24f"},
    {file = "idna-3.6.tar.gz", hash = "sha256:9ecdbbd083b06798ae1e86adcbfe8ab1479cf864e4ee30fe4e46a003d12491ca"},
]

[[package]]
name = "lxml"
version = "5.0.0"
description = "Powerful and Pythonic XML processing library combining libxml2/libxslt with the ElementTree API."
optional = false
python-versions = ">=2.7, !=3.0.*, !=3.1.*, !=3.2.*, !=3.3.*, != 3.4.*"
files = [
    {file = "lxml-5.0.0-cp27-cp27m-manylinux_2_5_i686.manylinux1_i686.whl", hash = "sha256:73bfab795d354aaf2f4eb7a5b0db513031734fd371047342d5803834ce19ec18"},
    {file = "lxml-5.0.0-cp27-cp27m-manylinux_2_5_x86_64.manylinux1_x86_64.whl", hash = "sha256:cb564bbe55ff0897d9cf1225041a44576d7ae87f06fd60163544c91de2623d3f"},
    {file = "lxml-5.0.0-cp27-cp27mu-manylinux_2_5_i686.manylinux1_i686.whl", hash = "sha256:6a5501438dd521bb7e0dde5008c40c7bfcfaafaf86eccb3f9bd27509abb793da"},
    {file = "lxml-5.0.0-cp27-cp27mu-manylinux_2_5_x86_64.manylinux1_x86_64.whl", hash = "sha256:7ba26a7dc929a1b3487d51bbcb0099afed2fc06e891b82845c8f37a2d7d7fbbd"},
    {file = "lxml-5.0.0-cp310-cp310-macosx_11_0_x86_64.whl", hash = "sha256:9b59c429e1a2246da86ae237ffc3565efcdc71c281cd38ca8b44d5fb6a3b993a"},
    {file = "lxml-5.0.0-cp310-cp310-manylinux_2_12_i686.manylinux2010_i686.manylinux_2_24_i686.whl", hash = "sha256:3ffa066db40b0347e48334bd4465de768e295a3525b9a59831228b5f4f93162d"},
    {file = "lxml-5.0.0-cp310-cp310-manylinux_2_17_aarch64.manylinux2014_aarch64.manylinux_2_24_aarch64.whl", hash = "sha256:8ce8b468ab50f9e944719d1134709ec11fe0d2840891a6cae369e22141b1094c"},
    {file = "lxml-5.0.0-cp310-cp310-manylinux_2_17_x86_64.manylinux2014_x86_64.manylinux_2_24_x86_64.whl", hash = "sha256:583c0e15ae06adc81035346ae2abb2e748f0b5197e7740d8af31222db41bbf7b"},
    {file = "lxml-5.0.0-cp310-cp310-manylinux_2_28_x86_64.whl", hash = "sha256:904d36165848b59c4e04ae5b969072e602bd987485076fca8ec42c6cd7a7aedc"},
    {file = "lxml-5.0.0-cp310-cp310-musllinux_1_1_aarch64.whl", hash = "sha256:ac21aace6712472e77ea9dfc38329f53830c4259ece54c786107105ebb069053"},
    {file = "lxml-5.0.0-cp310-cp310-musllinux_1_1_x86_64.whl", hash = "sha256:f92d73faa0b1a76d1932429d684b7ce95829e93c3eef3715ec9b98ab192c9d31"},
    {file = "lxml-5.0.0-cp310-cp310-win32.whl", hash = "sha256:03290e2f714f2e7431c8430c08b48167f657da7bc689c6248e828ff3c66d5b1b"},
    {file = "lxml-5.0.0-cp310-cp310-win_amd64.whl", hash = "sha256:3e6cbb68bf70081f036bfc018649cf4b46c4e7eaf7860a277cae92dee2a57f69"},
    {file = "lxml-5.0.0-cp311-cp311-macosx_11_0_universal2.whl", hash = "sha256:5382612ba2424cea5d2c89e2c29077023d8de88f8d60d5ceff5f76334516df9e"},
    {file = "lxml-5.0.0-cp311-cp311-manylinux_2_12_i686.manylinux2010_i686.manylinux_2_24_i686.whl", hash = "sha256:07a900735bad9af7be3085480bf384f68ed5580ba465b39a098e6a882c060d6b"},
    {file = "lxml-5.0.0-cp311-cp311-manylinux_2_17_aarch64.manylinux2014_aarch64.manylinux_2_24_aarch64.whl", hash = "sha256:980ba47c8db4b9d870014c7040edb230825b79017a6a27aa54cdb6fcc02d8cc0"},
    {file = "lxml-5.0.0-cp311-cp311-manylinux_2_17_x86_64.manylinux2014_x86_64.manylinux_2_24_x86_64.whl", hash = "sha256:6507c58431dbd95b50654b3313c5ad54f90e54e5f2cdacf733de61eae478eec5"},
    {file = "lxml-5.0.0-cp311-cp311-manylinux_2_28_aarch64.whl", hash = "sha256:4a45a278518e4308865c1e9dbb2c42ce84fb154efb03adeb16fdae3c1687c7c9"},
    {file = "lxml-5.0.0-cp311-cp311-manylinux_2_28_x86_64.whl", hash = "sha256:59cea9ba1c675fbd6867ca1078fc717a113e7f5b7644943b74137b7cc55abebf"},
    {file = "lxml-5.0.0-cp311-cp311-musllinux_1_1_aarch64.whl", hash = "sha256:dd39ef87fd1f7bb5c4aa53454936e6135cbfe03fe3744e8218be193f9e4fef16"},
    {file = "lxml-5.0.0-cp311-cp311-musllinux_1_1_x86_64.whl", hash = "sha256:e6bb39d91bf932e7520cb5718ae3c2f498052aca53294d5d59fdd9068fe1a7f2"},
    {file = "lxml-5.0.0-cp311-cp311-win32.whl", hash = "sha256:21af2c3862db6f4f486cddf73ec1157b40d5828876c47cd880edcbad8240ea1b"},
    {file = "lxml-5.0.0-cp311-cp311-win_amd64.whl", hash = "sha256:c1249aa4eaced30b59ecf8b8cae0b1ccede04583c74ca7d10b6f8bbead908b2c"},
    {file = "lxml-5.0.0-cp312-cp312-macosx_11_0_universal2.whl", hash = "sha256:f30e697b6215e759d0824768b2c5b0618d2dc19abe6c67eeed2b0460f52470d1"},
    {file = "lxml-5.0.0-cp312-cp312-manylinux_2_28_aarch64.whl", hash = "sha256:d1bb64646480c36a4aa1b6a44a5b6e33d0fcbeab9f53f1b39072cd3bb2c6243a"},
    {file = "lxml-5.0.0-cp312-cp312-manylinux_2_28_x86_64.whl", hash = "sha256:4e69c36c8618707a90ed3fb6f48a6cc9254ffcdbf7b259e439a5ae5fbf9c5206"},
    {file = "lxml-5.0.0-cp312-cp312-musllinux_1_1_aarch64.whl", hash = "sha256:9ca498f8554a09fbc3a2f8fc4b23261e07bc27bef99b3df98e2570688033f6fc"},
    {file = "lxml-5.0.0-cp312-cp312-musllinux_1_1_x86_64.whl", hash = "sha256:0326e9b8176ea77269fb39e7af4010906e73e9496a9f8eaf06d253b1b1231ceb"},
    {file = "lxml-5.0.0-cp312-cp312-win32.whl", hash = "sha256:5fb988e15378d6e905ca8f60813950a0c56da9469d0e8e5d8fe785b282684ec5"},
    {file = "lxml-5.0.0-cp312-cp312-win_amd64.whl", hash = "sha256:bb58e8f4b2cfe012cd312239b8d5139995fe8f5945c7c26d5fbbbb1ddb9acd47"},
    {file = "lxml-5.0.0-cp35-cp35m-manylinux_2_5_i686.manylinux1_i686.whl", hash = "sha256:81509dffd8aba3bdb43e90cbd218c9c068a1f4047d97bc9546b3ac9e3a4ae81d"},
    {file = "lxml-5.0.0-cp35-cp35m-manylinux_2_5_x86_64.manylinux1_x86_64.whl", hash = "sha256:e675a4b95208e74c34ac0751cc4bab9170e7728b61601fb0f4746892c2bb7e0b"},
    {file = "lxml-5.0.0-cp36-cp36m-macosx_11_0_x86_64.whl", hash = "sha256:405e3760f83a8ba3bdb6e622ec79595cdc20db916ce37377bbcb95b5711fa4ca"},
    {file = "lxml-5.0.0-cp36-cp36m-manylinux_2_12_i686.manylinux2010_i686.manylinux_2_24_i686.whl", hash = "sha256:f15844a1b93dcaa09c2b22e22a73384f3ae4502347c3881cfdd674e14ac04e21"},
    {file = "lxml-5.0.0-cp36-cp36m-manylinux_2_17_aarch64.manylinux2014_aarch64.whl", hash = "sha256:88f559f8beb6b90e41a7faae4aca4c8173a4819874a9bf8e74c8d7c1d51f3162"},
    {file = "lxml-5.0.0-cp36-cp36m-manylinux_2_17_x86_64.manylinux2014_x86_64.manylinux_2_24_x86_64.whl", hash = "sha256:e8c63f5c7d87e7044880b01851ac4e863c3349e6f6b6ab456fe218d9346e816d"},
    {file = "lxml-5.0.0-cp36-cp36m-manylinux_2_28_x86_64.whl", hash = "sha256:0d277d4717756fe8816f0beeff229cb72f9dd02a43b70e1d3f07c8efadfb9fe1"},
    {file = "lxml-5.0.0-cp36-cp36m-manylinux_2_5_i686.manylinux1_i686.whl", hash = "sha256:c8954da15403db1acfc0544b3c3f963a6ef4e428283ab6555e3e298bbbff1cf6"},
    {file = "lxml-5.0.0-cp36-cp36m-manylinux_2_5_x86_64.manylinux1_x86_64.whl", hash = "sha256:aebd8fd378e074b22e79cad329dcccd243c40ff1cafaa512d19276c5bb9554e1"},
    {file = "lxml-5.0.0-cp36-cp36m-musllinux_1_1_aarch64.whl", hash = "sha256:b6d4e148edee59c2ad38af15810dbcb8b5d7b13e5de3509d8cf3edfe74c0adca"},
    {file = "lxml-5.0.0-cp36-cp36m-musllinux_1_1_x86_64.whl", hash = "sha256:70ab4e02f7aa5fb4131c8b222a111ce7676f3767e36084fba3a4e7338dc82dcd"},
    {file = "lxml-5.0.0-cp36-cp36m-win32.whl", hash = "sha256:de1a8b54170024cf1c0c2718c82412bca42cd82e390556e3d8031af9541b416f"},
    {file = "lxml-5.0.0-cp36-cp36m-win_amd64.whl", hash = "sha256:5b39f63edbe7e018c2ac1cf0259ee0dd2355274e8a3003d404699b040782e55e"},
    {file = "lxml-5.0.0-cp37-cp37m-manylinux_2_12_i686.manylinux2010_i686.manylinux_2_24_i686.whl", hash = "sha256:77b73952534967a4497d9e4f26fbeebfba19950cbc66b7cc3a706214429d8106"},
    {file = "lxml-5.0.0-cp37-cp37m-manylinux_2_17_aarch64.manylinux2014_aarch64.manylinux_2_24_aarch64.whl", hash = "sha256:8cc0a951e5616ac626f7036309c41fb9774adcd4aa7db0886463da1ce5b65edb"},
    {file = "lxml-5.0.0-cp37-cp37m-manylinux_2_17_x86_64.manylinux2014_x86_64.manylinux_2_24_x86_64.whl", hash = "sha256:4b9d5b01900a760eb3acf6cef50aead4ef2fa79e7ddb927084244e41dfe37b65"},
    {file = "lxml-5.0.0-cp37-cp37m-manylinux_2_28_x86_64.whl", hash = "sha256:173bcead3af5d87c7bca9a030675073ddaad8e0a9f0b04be07cd9390453e7226"},
    {file = "lxml-5.0.0-cp37-cp37m-manylinux_2_5_i686.manylinux1_i686.whl", hash = "sha256:44fa9afd632210f1eeda51cf284ed8dbab0c7ec8b008dd39ba02818e0e114e69"},
    {file = "lxml-5.0.0-cp37-cp37m-manylinux_2_5_x86_64.manylinux1_x86_64.whl", hash = "sha256:fef10f27d6318d2d7c88680e113511ddecf09ee4f9559b3623b73ee89fa8f6cc"},
    {file = "lxml-5.0.0-cp37-cp37m-musllinux_1_1_aarch64.whl", hash = "sha256:3663542aee845129a981889c19b366beab0b1dadcf5ca164696aabfe1aa51667"},
    {file = "lxml-5.0.0-cp37-cp37m-musllinux_1_1_x86_64.whl", hash = "sha256:7188495c1bf71bfda87d78ed50601e72d252119ce11710d6e71ff36e35fea5a0"},
    {file = "lxml-5.0.0-cp37-cp37m-win32.whl", hash = "sha256:6a2de85deabf939b0af89e2e1ea46bfb1239545e2da6f8ac96522755a388025f"},
    {file = "lxml-5.0.0-cp37-cp37m-win_amd64.whl", hash = "sha256:ea56825c1e23c9c8ea385a191dac75f9160477057285b88c88736d9305e6118f"},
    {file = "lxml-5.0.0-cp38-cp38-manylinux_2_12_i686.manylinux2010_i686.manylinux_2_24_i686.whl", hash = "sha256:3f908afd0477cace17f941d1b9cfa10b769fe1464770abe4cfb3d9f35378d0f8"},
    {file = "lxml-5.0.0-cp38-cp38-manylinux_2_17_aarch64.manylinux2014_aarch64.manylinux_2_24_aarch64.whl", hash = "sha256:52a9ab31853d3808e7cf0183b3a5f7e8ffd622ea4aee1deb5252dbeaefd5b40d"},
    {file = "lxml-5.0.0-cp38-cp38-manylinux_2_17_x86_64.manylinux2014_x86_64.manylinux_2_24_x86_64.whl", hash = "sha256:c7fe19abb3d3c55a9e65d289b12ad73b3a31a3f0bda3c539a890329ae9973bd6"},
    {file = "lxml-5.0.0-cp38-cp38-manylinux_2_28_x86_64.whl", hash = "sha256:1ef0793e1e2dd221fce7c142177008725680f7b9e4a184ab108d90d5d3ab69b7"},
    {file = "lxml-5.0.0-cp38-cp38-manylinux_2_5_i686.manylinux1_i686.whl", hash = "sha256:581a78f299a9f5448b2c3aea904bfcd17c59bf83016d221d7f93f83633bb2ab2"},
    {file = "lxml-5.0.0-cp38-cp38-manylinux_2_5_x86_64.manylinux1_x86_64.whl", hash = "sha256:affdd833f82334fdb10fc9a1c7b35cdb5a86d0b672b4e14dd542e1fe7bcea894"},
    {file = "lxml-5.0.0-cp38-cp38-musllinux_1_1_aarch64.whl", hash = "sha256:6bba06d8982be0f0f6432d289a8d104417a0ab9ed04114446c4ceb6d4a40c65d"},
    {file = "lxml-5.0.0-cp38-cp38-musllinux_1_1_x86_64.whl", hash = "sha256:80209b31dd3908bc5b014f540fd192c97ea52ab179713a730456c5baf7ce80c1"},
    {file = "lxml-5.0.0-cp38-cp38-win32.whl", hash = "sha256:dac2733fe4e159b0aae0439db6813b7b1d23ff96d0b34c0107b87faf79208c4e"},
    {file = "lxml-5.0.0-cp38-cp38-win_amd64.whl", hash = "sha256:ee60f33456ff34b2dd1d048a740a2572798356208e4c494301c931de3a0ab3a2"},
    {file = "lxml-5.0.0-cp39-cp39-macosx_11_0_x86_64.whl", hash = "sha256:5eff173f0ff408bfa578cbdafd35a7e0ca94d1a9ffe09a8a48e0572d0904d486"},
    {file = "lxml-5.0.0-cp39-cp39-manylinux_2_12_i686.manylinux2010_i686.manylinux_2_24_i686.whl", hash = "sha256:78d6d8e5b54ed89dc0f0901eaaa579c384ad8d59fa43cc7fb06e9bb89115f8f4"},
    {file = "lxml-5.0.0-cp39-cp39-manylinux_2_17_aarch64.manylinux2014_aarch64.manylinux_2_24_aarch64.whl", hash = "sha256:71a7cee869578bc17b18050532bb2f0bc682a7b97dda77041741a1bd2febe6c7"},
    {file = "lxml-5.0.0-cp39-cp39-manylinux_2_17_x86_64.manylinux2014_x86_64.manylinux_2_24_x86_64.whl", hash = "sha256:7df433d08d4587dc3932f7fcfc3194519a6824824104854e76441fd3bc000d29"},
    {file = "lxml-5.0.0-cp39-cp39-manylinux_2_28_x86_64.whl", hash = "sha256:793be9b4945c2dfd69828fb5948d7d9569b78e0599e4a2e88d92affeb0ff3aa3"},
    {file = "lxml-5.0.0-cp39-cp39-manylinux_2_5_i686.manylinux1_i686.whl", hash = "sha256:c7cfb6af73602c8d288581df8a225989d7e9d5aab0a174be0e19fcfa800b6797"},
    {file = "lxml-5.0.0-cp39-cp39-manylinux_2_5_x86_64.manylinux1_x86_64.whl", hash = "sha256:bfdc4668ac56687a89ca3eca44231144a2e9d02ba3b877558db74ba20e2bd9fa"},
    {file = "lxml-5.0.0-cp39-cp39-musllinux_1_1_aarch64.whl", hash = "sha256:2992591e2294bb07faf7f5f6d5cb60710c046404f4bfce09fb488b85d2a8f58f"},
    {file = "lxml-5.0.0-cp39-cp39-musllinux_1_1_x86_64.whl", hash = "sha256:4786b0af7511ea614fd86407a52a7bc161aa5772d311d97df2591ed2351de768"},
    {file = "lxml-5.0.0-cp39-cp39-win32.whl", hash = "sha256:016de3b29a262655fc3d2075dc1b2611f84f4c3d97a71d579c883d45e201eee4"},
    {file = "lxml-5.0.0-cp39-cp39-win_amd64.whl", hash = "sha256:52c0acc2f29b0a204efc11a5ed911a74f50a25eb7d7d5069c2b1fd3b3346ce11"},
    {file = "lxml-5.0.0-pp310-pypy310_pp73-macosx_11_0_x86_64.whl", hash = "sha256:96095bfc0c02072fc89afa67626013a253596ea5118b8a7f4daaae049dafa096"},
    {file = "lxml-5.0.0-pp310-pypy310_pp73-manylinux_2_28_x86_64.whl", hash = "sha256:992029258ed719f130d5a9c443d142c32843046f1263f2c492862b2a853be570"},
    {file = "lxml-5.0.0-pp310-pypy310_pp73-win_amd64.whl", hash = "sha256:db40e85cffd22f7d65dcce30e85af565a66401a6ed22fc0c56ed342cfa4ffc43"},
    {file = "lxml-5.0.0-pp38-pypy38_pp73-macosx_11_0_x86_64.whl", hash = "sha256:cfa8a4cdc3765574b7fd0c7cfa5fbd1e2108014c9dfd299c679e5152bea9a55e"},
    {file = "lxml-5.0.0-pp38-pypy38_pp73-manylinux_2_12_i686.manylinux2010_i686.manylinux_2_24_i686.whl", hash = "sha256:049fef98d02513c34f5babd07569fc1cf1ed14c0f2fbff18fe72597f977ef3c2"},
    {file = "lxml-5.0.0-pp38-pypy38_pp73-manylinux_2_17_x86_64.manylinux2014_x86_64.manylinux_2_24_x86_64.whl", hash = "sha256:a85136d0ee18a41c91cc3e2844c683be0e72e6dda4cb58da9e15fcaef3726af7"},
    {file = "lxml-5.0.0-pp38-pypy38_pp73-manylinux_2_28_x86_64.whl", hash = "sha256:766868f729f3ab84125350f1a0ea2594d8b1628a608a574542a5aff7355b9941"},
    {file = "lxml-5.0.0-pp38-pypy38_pp73-win_amd64.whl", hash = "sha256:99cad5c912f359e59e921689c04e54662cdd80835d80eeaa931e22612f515df7"},
    {file = "lxml-5.0.0-pp39-pypy39_pp73-macosx_11_0_x86_64.whl", hash = "sha256:c90c593aa8dd57d5dab0ef6d7d64af894008971d98e6a41b320fdd75258fbc6e"},
    {file = "lxml-5.0.0-pp39-pypy39_pp73-manylinux_2_12_i686.manylinux2010_i686.manylinux_2_24_i686.whl", hash = "sha256:8134d5441d1ed6a682e3de3d7a98717a328dce619ee9c4c8b3b91f0cb0eb3e28"},
    {file = "lxml-5.0.0-pp39-pypy39_pp73-manylinux_2_17_x86_64.manylinux2014_x86_64.manylinux_2_24_x86_64.whl", hash = "sha256:f298ac9149037d6a3d5c74991bded39ac46292520b9c7c182cb102486cc87677"},
    {file = "lxml-5.0.0-pp39-pypy39_pp73-manylinux_2_28_x86_64.whl", hash = "sha256:894c5f71186b410679aaab5774543fcb9cbabe8893f0b31d11cf28a0740e80be"},
    {file = "lxml-5.0.0-pp39-pypy39_pp73-win_amd64.whl", hash = "sha256:9cd3d6c2c67d4fdcd795e4945e2ba5434909c96640b4cc09453bd0dc7e8e1bac"},
    {file = "lxml-5.0.0.zip", hash = "sha256:2219cbf790e701acf9a21a31ead75f983e73daf0eceb9da6990212e4d20ebefe"},
]

[package.extras]
cssselect = ["cssselect (>=0.7)"]
html5 = ["html5lib"]
htmlsoup = ["BeautifulSoup4"]
source = ["Cython (>=3.0.7)"]

[[package]]
name = "msgspec"
version = "0.18.5"
description = "A fast serialization and validation library, with builtin support for JSON, MessagePack, YAML, and TOML."
optional = false
python-versions = ">=3.8"
files = [
    {file = "msgspec-0.18.5-cp310-cp310-macosx_10_9_x86_64.whl", hash = "sha256:50479d88f3c4e9c73b55fbe84dc14b1cee8cec753e9170bbeafe3f9837e9f7af"},
    {file = "msgspec-0.18.5-cp310-cp310-macosx_11_0_arm64.whl", hash = "sha256:cf885edac512e464c70a5f4f93b6f778c83ea4b91d646b6d72f6f5ac950f268e"},
    {file = "msgspec-0.18.5-cp310-cp310-manylinux_2_17_aarch64.manylinux2014_aarch64.whl", hash = "sha256:773a38ead7832d171d1b9406bf42448a218245584af36e42c31f26d9f48a493a"},
    {file = "msgspec-0.18.5-cp310-cp310-manylinux_2_17_x86_64.manylinux2014_x86_64.whl", hash = "sha256:d5999eb65646b131f439ebb07c22446e8976b7fd8a312dca09ce6fa2c21162bb"},
    {file = "msgspec-0.18.5-cp310-cp310-musllinux_1_1_aarch64.whl", hash = "sha256:a0ec78bd93684db61dfccf7a421b2e1a525b1a0546b4d8c4e339151be57d58a6"},
    {file = "msgspec-0.18.5-cp310-cp310-musllinux_1_1_x86_64.whl", hash = "sha256:b547c7ad9786a79b0090a811d95d2d04063625a66fd96ed767cdfbabd8087c67"},
    {file = "msgspec-0.18.5-cp310-cp310-win_amd64.whl", hash = "sha256:e4c2fc93a98afefd1a78e957ca63363a8e5fd1b58bf70a8d66413c8f2a4723a2"},
    {file = "msgspec-0.18.5-cp311-cp311-macosx_10_9_x86_64.whl", hash = "sha256:ee1f9414523d9a53744d21a6a2b6a636d9008be016963148a2646b38132e11dd"},
    {file = "msgspec-0.18.5-cp311-cp311-macosx_11_0_arm64.whl", hash = "sha256:0017f6af35a3959002df4c82af60c1df2160701529dd89b17df971fde5945257"},
    {file = "msgspec-0.18.5-cp311-cp311-manylinux_2_17_aarch64.manylinux2014_aarch64.whl", hash = "sha256:13da9df61745b7757070dae6e3476ab4e13bb9dd3e3d11b050dfcae540058bd1"},
    {file = "msgspec-0.18.5-cp311-cp311-manylinux_2_17_x86_64.manylinux2014_x86_64.whl", hash = "sha256:01ed3472a0508f88a25a9d3bccafb840110f0fc5eb493b4baa43646e4e7c75c2"},
    {file = "msgspec-0.18.5-cp311-cp311-musllinux_1_1_aarch64.whl", hash = "sha256:f55c4610cb0514aef8b35bfd0682f4cc2d7efd5e9b58acf30abd90b2a2376b5d"},
    {file = "msgspec-0.18.5-cp311-cp311-musllinux_1_1_x86_64.whl", hash = "sha256:8f7c0460aefdc8f01ea35f26e38c62b574bbf0b138ade860f557bbf9e9dac50c"},
    {file = "msgspec-0.18.5-cp311-cp311-win_amd64.whl", hash = "sha256:024f880df7d2f8cfdb9f9904efa0f386d3692457159bd58f850c20f11c07d16f"},
    {file = "msgspec-0.18.5-cp312-cp312-macosx_10_9_x86_64.whl", hash = "sha256:b3d206af4280172948d014d20b2cea7939784a99ea9a7ac943ce71100dbe8f98"},
    {file = "msgspec-0.18.5-cp312-cp312-macosx_11_0_arm64.whl", hash = "sha256:261cc6e3a687e6f31b80056ab12f6adff3255f9b68b86d92b0b497f8b289c84c"},
    {file = "msgspec-0.18.5-cp312-cp312-manylinux_2_17_aarch64.manylinux2014_aarch64.whl", hash = "sha256:b6af133ba491a09ef8dcbc2d9904bcec220247e2067bb75d5d6daa12e0739d6c"},
    {file = "msgspec-0.18.5-cp312-cp312-manylinux_2_17_x86_64.manylinux2014_x86_64.whl", hash = "sha256:d318593e0ddc11b600552a470ec27baeb0b86a8e37903ac5ce7472ba0d6f7bf8"},
    {file = "msgspec-0.18.5-cp312-cp312-musllinux_1_1_aarch64.whl", hash = "sha256:9a7b682cca3ba251a19cc769d38615ddd9551e086858decd950c156c2e79ecc1"},
    {file = "msgspec-0.18.5-cp312-cp312-musllinux_1_1_x86_64.whl", hash = "sha256:b491b2549d22e11d7cfe34a231f9bd006cb6b71adefa070a070075d2f601e75c"},
    {file = "msgspec-0.18.5-cp312-cp312-win_amd64.whl", hash = "sha256:c79e7115f0143688c5d866359e7b6b76dd1581a81c9aeac7805a9d6320e9f2ca"},
    {file = "msgspec-0.18.5-cp38-cp38-macosx_10_9_x86_64.whl", hash = "sha256:c13e0a510bbd00cb29d193fceff55d1e17a99c9f97284cdbe61c15496c2f7803"},
    {file = "msgspec-0.18.5-cp38-cp38-macosx_11_0_arm64.whl", hash = "sha256:f4eeb22921ca6cdfbf17ca874eccbe23eb010c89ffb3017b628940c37d53ce4a"},
    {file = "msgspec-0.18.5-cp38-cp38-manylinux_2_17_aarch64.manylinux2014_aarch64.whl", hash = "sha256:9420750f19c311e490db3edff9d153621c4989c582cf1be40c307c86d6cc2c1e"},
    {file = "msgspec-0.18.5-cp38-cp38-manylinux_2_17_x86_64.manylinux2014_x86_64.whl", hash = "sha256:6431305c645fb2a88a6da1fcec53dbaac61697f1219000b9589f9286532aabc0"},
    {file = "msgspec-0.18.5-cp38-cp38-musllinux_1_1_aarch64.whl", hash = "sha256:b7b49cba0577edc8ac166263b5fec3619fe5a267805cfc041bccaf8a0c58ef05"},
    {file = "msgspec-0.18.5-cp38-cp38-musllinux_1_1_x86_64.whl", hash = "sha256:3f387cabddf2dc26d6fa7f1a8158deefc8db9e0626eacebbe4875f421c66d574"},
    {file = "msgspec-0.18.5-cp38-cp38-win_amd64.whl", hash = "sha256:482bdf77f3892dd603061b2b21ac6a4492bb797a552c92e833a41fe157162257"},
    {file = "msgspec-0.18.5-cp39-cp39-macosx_10_9_x86_64.whl", hash = "sha256:f290bfe7e21e8069890d101d8a060500b22a3aeb7860274644c4ec9240ddbedc"},
    {file = "msgspec-0.18.5-cp39-cp39-macosx_11_0_arm64.whl", hash = "sha256:0027fba5362a3cb1bdd5503709aa2dbffad22dffd50f415086ed5f74f229ead9"},
    {file = "msgspec-0.18.5-cp39-cp39-manylinux_2_17_aarch64.manylinux2014_aarch64.whl", hash = "sha256:bd8a64da668b4eeef4b21dcecc640ed6950db661e2ea42ae52bbac5a2dbffb3a"},
    {file = "msgspec-0.18.5-cp39-cp39-manylinux_2_17_x86_64.manylinux2014_x86_64.whl", hash = "sha256:be2440fa5699e1b3062d17fdfd8c6a459d72bb4edbce403353af6f39c8c5a6fa"},
    {file = "msgspec-0.18.5-cp39-cp39-musllinux_1_1_aarch64.whl", hash = "sha256:eccba21248f90f332335b109e89685e79940367974812cd13975313f480f3dd8"},
    {file = "msgspec-0.18.5-cp39-cp39-musllinux_1_1_x86_64.whl", hash = "sha256:c30fadc1a1118097920dd868e42469fed32c7078ca2feff2fc19e7c017065322"},
    {file = "msgspec-0.18.5-cp39-cp39-win_amd64.whl", hash = "sha256:fae28faef5fd61847930d8e86fd83c18f991a338efd8fbf69c1d35d42c652f41"},
    {file = "msgspec-0.18.5.tar.gz", hash = "sha256:8e545651531f2d01b983d0ac0c7f3b6d99674267ff261b5f344f5016160b5608"},
]

[package.extras]
dev = ["attrs", "coverage", "furo", "gcovr", "ipython", "msgpack", "mypy", "pre-commit", "pyright", "pytest", "pyyaml", "sphinx", "sphinx-copybutton", "sphinx-design", "tomli", "tomli-w"]
doc = ["furo", "ipython", "sphinx", "sphinx-copybutton", "sphinx-design"]
test = ["attrs", "msgpack", "mypy", "pyright", "pytest", "pyyaml", "tomli", "tomli-w"]
toml = ["tomli", "tomli-w"]
yaml = ["pyyaml"]

[[package]]
name = "nodeenv"
version = "1.8.0"
description = "Node.js virtual environment builder"
optional = false
python-versions = ">=2.7,!=3.0.*,!=3.1.*,!=3.2.*,!=3.3.*,!=3.4.*,!=3.5.*,!=3.6.*"
files = [
    {file = "nodeenv-1.8.0-py2.py3-none-any.whl", hash = "sha256:df865724bb3c3adc86b3876fa209771517b0cfe596beff01a92700e0e8be4cec"},
    {file = "nodeenv-1.8.0.tar.gz", hash = "sha256:d51e0c37e64fbf47d017feac3145cdbb58836d7eee8c6f6d3b6880c5456227d2"},
]

[package.dependencies]
setuptools = "*"

[[package]]
name = "pyright"
version = "1.1.344"
description = "Command line wrapper for pyright"
optional = false
python-versions = ">=3.7"
files = [
    {file = "pyright-1.1.344-py3-none-any.whl", hash = "sha256:ab7117a911ce25fcd317f42272579f9ae53a6abc8b8a15f6aa069a11281953ee"},
    {file = "pyright-1.1.344.tar.gz", hash = "sha256:ab7c962f00dd8141a5a0192c1060fb34b92d1f9047ad70dda45229938051922b"},
]

[package.dependencies]
nodeenv = ">=1.6.0"

[package.extras]
all = ["twine (>=3.4.1)"]
dev = ["twine (>=3.4.1)"]

[[package]]
name = "ruff"
version = "0.1.9"
description = "An extremely fast Python linter and code formatter, written in Rust."
optional = false
python-versions = ">=3.7"
files = [
    {file = "ruff-0.1.9-py3-none-macosx_10_12_x86_64.macosx_11_0_arm64.macosx_10_12_universal2.whl", hash = "sha256:e6a212f436122ac73df851f0cf006e0c6612fe6f9c864ed17ebefce0eff6a5fd"},
    {file = "ruff-0.1.9-py3-none-macosx_10_12_x86_64.whl", hash = "sha256:28d920e319783d5303333630dae46ecc80b7ba294aeffedf946a02ac0b7cc3db"},
    {file = "ruff-0.1.9-py3-none-manylinux_2_17_aarch64.manylinux2014_aarch64.whl", hash = "sha256:104aa9b5e12cb755d9dce698ab1b97726b83012487af415a4512fedd38b1459e"},
    {file = "ruff-0.1.9-py3-none-manylinux_2_17_armv7l.manylinux2014_armv7l.whl", hash = "sha256:1e63bf5a4a91971082a4768a0aba9383c12392d0d6f1e2be2248c1f9054a20da"},
    {file = "ruff-0.1.9-py3-none-manylinux_2_17_i686.manylinux2014_i686.whl", hash = "sha256:4d0738917c203246f3e275b37006faa3aa96c828b284ebfe3e99a8cb413c8c4b"},
    {file = "ruff-0.1.9-py3-none-manylinux_2_17_ppc64.manylinux2014_ppc64.whl", hash = "sha256:69dac82d63a50df2ab0906d97a01549f814b16bc806deeac4f064ff95c47ddf5"},
    {file = "ruff-0.1.9-py3-none-manylinux_2_17_ppc64le.manylinux2014_ppc64le.whl", hash = "sha256:2aec598fb65084e41a9c5d4b95726173768a62055aafb07b4eff976bac72a592"},
    {file = "ruff-0.1.9-py3-none-manylinux_2_17_s390x.manylinux2014_s390x.whl", hash = "sha256:744dfe4b35470fa3820d5fe45758aace6269c578f7ddc43d447868cfe5078bcb"},
    {file = "ruff-0.1.9-py3-none-manylinux_2_17_x86_64.manylinux2014_x86_64.whl", hash = "sha256:479ca4250cab30f9218b2e563adc362bd6ae6343df7c7b5a7865300a5156d5a6"},
    {file = "ruff-0.1.9-py3-none-musllinux_1_2_aarch64.whl", hash = "sha256:aa8344310f1ae79af9ccd6e4b32749e93cddc078f9b5ccd0e45bd76a6d2e8bb6"},
    {file = "ruff-0.1.9-py3-none-musllinux_1_2_armv7l.whl", hash = "sha256:837c739729394df98f342319f5136f33c65286b28b6b70a87c28f59354ec939b"},
    {file = "ruff-0.1.9-py3-none-musllinux_1_2_i686.whl", hash = "sha256:e6837202c2859b9f22e43cb01992373c2dbfeae5c0c91ad691a4a2e725392464"},
    {file = "ruff-0.1.9-py3-none-musllinux_1_2_x86_64.whl", hash = "sha256:331aae2cd4a0554667ac683243b151c74bd60e78fb08c3c2a4ac05ee1e606a39"},
    {file = "ruff-0.1.9-py3-none-win32.whl", hash = "sha256:8151425a60878e66f23ad47da39265fc2fad42aed06fb0a01130e967a7a064f4"},
    {file = "ruff-0.1.9-py3-none-win_amd64.whl", hash = "sha256:c497d769164df522fdaf54c6eba93f397342fe4ca2123a2e014a5b8fc7df81c7"},
    {file = "ruff-0.1.9-py3-none-win_arm64.whl", hash = "sha256:0e17f53bcbb4fff8292dfd84cf72d767b5e146f009cccd40c2fad27641f8a7a9"},
    {file = "ruff-0.1.9.tar.gz", hash = "sha256:b041dee2734719ddbb4518f762c982f2e912e7f28b8ee4fe1dee0b15d1b6e800"},
]

[[package]]
name = "setuptools"
version = "69.0.3"
description = "Easily download, build, install, upgrade, and uninstall Python packages"
optional = false
python-versions = ">=3.8"
files = [
    {file = "setuptools-69.0.3-py3-none-any.whl", hash = "sha256:385eb4edd9c9d5c17540511303e39a147ce2fc04bc55289c322b9e5904fe2c05"},
    {file = "setuptools-69.0.3.tar.gz", hash = "sha256:be1af57fc409f93647f2e8e4573a142ed38724b8cdd389706a867bb4efcf1e78"},
]

[package.extras]
docs = ["furo", "jaraco.packaging (>=9.3)", "jaraco.tidelift (>=1.4)", "pygments-github-lexers (==0.0.5)", "rst.linker (>=1.9)", "sphinx (<7.2.5)", "sphinx (>=3.5)", "sphinx-favicon", "sphinx-inline-tabs", "sphinx-lint", "sphinx-notfound-page (>=1,<2)", "sphinx-reredirects", "sphinxcontrib-towncrier"]
testing = ["build[virtualenv]", "filelock (>=3.4.0)", "flake8-2020", "ini2toml[lite] (>=0.9)", "jaraco.develop (>=7.21)", "jaraco.envs (>=2.2)", "jaraco.path (>=3.2.0)", "pip (>=19.1)", "pytest (>=6)", "pytest-black (>=0.3.7)", "pytest-checkdocs (>=2.4)", "pytest-cov", "pytest-enabler (>=2.2)", "pytest-mypy (>=0.9.1)", "pytest-perf", "pytest-ruff", "pytest-timeout", "pytest-xdist", "tomli-w (>=1.0.0)", "virtualenv (>=13.0.0)", "wheel"]
testing-integration = ["build[virtualenv] (>=1.0.3)", "filelock (>=3.4.0)", "jaraco.envs (>=2.2)", "jaraco.path (>=3.2.0)", "packaging (>=23.1)", "pytest", "pytest-enabler", "pytest-xdist", "tomli", "virtualenv (>=13.0.0)", "wheel"]

[[package]]
name = "sniffio"
version = "1.3.0"
description = "Sniff out which async library your code is running under"
optional = false
python-versions = ">=3.7"
files = [
    {file = "sniffio-1.3.0-py3-none-any.whl", hash = "sha256:eecefdce1e5bbfb7ad2eeaabf7c1eeb404d7757c379bd1f7e5cce9d8bf425384"},
    {file = "sniffio-1.3.0.tar.gz", hash = "sha256:e60305c5e5d314f5389259b7f22aaa33d8f7dee49763119234af3755c55b9101"},
]

[[package]]
name = "typing-extensions"
version = "4.9.0"
description = "Backported and Experimental Type Hints for Python 3.8+"
optional = false
python-versions = ">=3.8"
files = [
    {file = "typing_extensions-4.9.0-py3-none-any.whl", hash = "sha256:af72aea155e91adfc61c3ae9e0e342dbc0cba726d6cba4b6c72c1f34e47291cd"},
    {file = "typing_extensions-4.9.0.tar.gz", hash = "sha256:23478f88c37f27d76ac8aee6c905017a143b0b1b886c3c9f66bc2fd94f9f5783"},
]

[metadata]
lock-version = "2.0"
python-versions = "^3.8"
content-hash = "69af0a403e9b13fff6ec48990c03849e10f8d900961f998d51589b27e5f6eb80"
