# This file is automatically @generated by Poetry 1.7.1 and should not be changed by hand.

[[package]]
name = "anyio"
version = "4.1.0"
description = "High level compatibility layer for multiple asynchronous event loop implementations"
optional = false
python-versions = ">=3.8"
files = [
    {file = "anyio-4.1.0-py3-none-any.whl", hash = "sha256:56a415fbc462291813a94528a779597226619c8e78af7de0507333f700011e5f"},
    {file = "anyio-4.1.0.tar.gz", hash = "sha256:5a0bec7085176715be77df87fc66d6c9d70626bd752fcc85f57cdbee5b3760da"},
]

[package.dependencies]
exceptiongroup = {version = ">=1.0.2", markers = "python_version < \"3.11\""}
idna = ">=2.8"
sniffio = ">=1.1"

[package.extras]
doc = ["Sphinx (>=7)", "packaging", "sphinx-autodoc-typehints (>=1.2.0)", "sphinx-rtd-theme"]
test = ["anyio[trio]", "coverage[toml] (>=7)", "exceptiongroup (>=1.2.0)", "hypothesis (>=4.0)", "psutil (>=5.9)", "pytest (>=7.0)", "pytest-mock (>=3.6.1)", "trustme", "uvloop (>=0.17)"]
trio = ["trio (>=0.23)"]

[[package]]
name = "certifi"
version = "2023.11.17"
description = "Python package for providing Mozilla's CA Bundle."
optional = false
python-versions = ">=3.6"
files = [
    {file = "certifi-2023.11.17-py3-none-any.whl", hash = "sha256:e036ab49d5b79556f99cfc2d9320b34cfbe5be05c5871b51de9329f0603b0474"},
    {file = "certifi-2023.11.17.tar.gz", hash = "sha256:9b469f3a900bf28dc19b8cfbf8019bf47f7fdd1a65a1d4ffb98fc14166beb4d1"},
]

[[package]]
name = "codespell"
version = "2.2.6"
description = "Codespell"
optional = false
python-versions = ">=3.8"
files = [
    {file = "codespell-2.2.6-py3-none-any.whl", hash = "sha256:9ee9a3e5df0990604013ac2a9f22fa8e57669c827124a2e961fe8a1da4cacc07"},
    {file = "codespell-2.2.6.tar.gz", hash = "sha256:a8c65d8eb3faa03deabab6b3bbe798bea72e1799c7e9e955d57eca4096abcff9"},
]

[package.extras]
dev = ["Pygments", "build", "chardet", "pre-commit", "pytest", "pytest-cov", "pytest-dependency", "ruff", "tomli", "twine"]
hard-encoding-detection = ["chardet"]
toml = ["tomli"]
types = ["chardet (>=5.1.0)", "mypy", "pytest", "pytest-cov", "pytest-dependency"]

[[package]]
name = "exceptiongroup"
version = "1.2.0"
description = "Backport of PEP 654 (exception groups)"
optional = false
python-versions = ">=3.7"
files = [
    {file = "exceptiongroup-1.2.0-py3-none-any.whl", hash = "sha256:4bfd3996ac73b41e9b9628b04e079f193850720ea5945fc96a08633c66912f14"},
    {file = "exceptiongroup-1.2.0.tar.gz", hash = "sha256:91f5c769735f051a4290d52edd0858999b57e5876e9f85937691bd4c9fa3ed68"},
]

[package.extras]
test = ["pytest (>=6)"]

[[package]]
name = "h11"
version = "0.14.0"
description = "A pure-Python, bring-your-own-I/O implementation of HTTP/1.1"
optional = false
python-versions = ">=3.7"
files = [
    {file = "h11-0.14.0-py3-none-any.whl", hash = "sha256:e3fe4ac4b851c468cc8363d500db52c2ead036020723024a109d37346efaa761"},
    {file = "h11-0.14.0.tar.gz", hash = "sha256:8f19fbbe99e72420ff35c00b27a34cb9937e902a8b810e2c88300c6f0a3b699d"},
]

[[package]]
name = "h2"
version = "4.1.0"
description = "HTTP/2 State-Machine based protocol implementation"
optional = false
python-versions = ">=3.6.1"
files = [
    {file = "h2-4.1.0-py3-none-any.whl", hash = "sha256:03a46bcf682256c95b5fd9e9a99c1323584c3eec6440d379b9903d709476bc6d"},
    {file = "h2-4.1.0.tar.gz", hash = "sha256:a83aca08fbe7aacb79fec788c9c0bac936343560ed9ec18b82a13a12c28d2abb"},
]

[package.dependencies]
hpack = ">=4.0,<5"
hyperframe = ">=6.0,<7"

[[package]]
name = "hpack"
version = "4.0.0"
description = "Pure-Python HPACK header compression"
optional = false
python-versions = ">=3.6.1"
files = [
    {file = "hpack-4.0.0-py3-none-any.whl", hash = "sha256:84a076fad3dc9a9f8063ccb8041ef100867b1878b25ef0ee63847a5d53818a6c"},
    {file = "hpack-4.0.0.tar.gz", hash = "sha256:fc41de0c63e687ebffde81187a948221294896f6bdc0ae2312708df339430095"},
]

[[package]]
name = "httpcore"
version = "1.0.2"
description = "A minimal low-level HTTP client."
optional = false
python-versions = ">=3.8"
files = [
    {file = "httpcore-1.0.2-py3-none-any.whl", hash = "sha256:096cc05bca73b8e459a1fc3dcf585148f63e534eae4339559c9b8a8d6399acc7"},
    {file = "httpcore-1.0.2.tar.gz", hash = "sha256:9fc092e4799b26174648e54b74ed5f683132a464e95643b226e00c2ed2fa6535"},
]

[package.dependencies]
certifi = "*"
h11 = ">=0.13,<0.15"

[package.extras]
asyncio = ["anyio (>=4.0,<5.0)"]
http2 = ["h2 (>=3,<5)"]
socks = ["socksio (==1.*)"]
trio = ["trio (>=0.22.0,<0.23.0)"]

[[package]]
name = "httpx"
version = "0.25.2"
description = "The next generation HTTP client."
optional = false
python-versions = ">=3.8"
files = [
    {file = "httpx-0.25.2-py3-none-any.whl", hash = "sha256:a05d3d052d9b2dfce0e3896636467f8a5342fb2b902c819428e1ac65413ca118"},
    {file = "httpx-0.25.2.tar.gz", hash = "sha256:8b8fcaa0c8ea7b05edd69a094e63a2094c4efcb48129fb757361bc423c0ad9e8"},
]

[package.dependencies]
anyio = "*"
certifi = "*"
h2 = {version = ">=3,<5", optional = true, markers = "extra == \"http2\""}
httpcore = "==1.*"
idna = "*"
sniffio = "*"

[package.extras]
brotli = ["brotli", "brotlicffi"]
cli = ["click (==8.*)", "pygments (==2.*)", "rich (>=10,<14)"]
http2 = ["h2 (>=3,<5)"]
socks = ["socksio (==1.*)"]

[[package]]
name = "hyperframe"
version = "6.0.1"
description = "HTTP/2 framing layer for Python"
optional = false
python-versions = ">=3.6.1"
files = [
    {file = "hyperframe-6.0.1-py3-none-any.whl", hash = "sha256:0ec6bafd80d8ad2195c4f03aacba3a8265e57bc4cff261e802bf39970ed02a15"},
    {file = "hyperframe-6.0.1.tar.gz", hash = "sha256:ae510046231dc8e9ecb1a6586f63d2347bf4c8905914aa84ba585ae85f28a914"},
]

[[package]]
name = "idna"
version = "3.6"
description = "Internationalized Domain Names in Applications (IDNA)"
optional = false
python-versions = ">=3.5"
files = [
    {file = "idna-3.6-py3-none-any.whl", hash = "sha256:c05567e9c24a6b9faaa835c4821bad0590fbb9d5779e7caa6e1cc4978e7eb24f"},
    {file = "idna-3.6.tar.gz", hash = "sha256:9ecdbbd083b06798ae1e86adcbfe8ab1479cf864e4ee30fe4e46a003d12491ca"},
]

[[package]]
name = "msgspec"
version = "0.18.5"
description = "A fast serialization and validation library, with builtin support for JSON, MessagePack, YAML, and TOML."
optional = false
python-versions = ">=3.8"
files = [
    {file = "msgspec-0.18.5-cp310-cp310-macosx_10_9_x86_64.whl", hash = "sha256:50479d88f3c4e9c73b55fbe84dc14b1cee8cec753e9170bbeafe3f9837e9f7af"},
    {file = "msgspec-0.18.5-cp310-cp310-macosx_11_0_arm64.whl", hash = "sha256:cf885edac512e464c70a5f4f93b6f778c83ea4b91d646b6d72f6f5ac950f268e"},
    {file = "msgspec-0.18.5-cp310-cp310-manylinux_2_17_aarch64.manylinux2014_aarch64.whl", hash = "sha256:773a38ead7832d171d1b9406bf42448a218245584af36e42c31f26d9f48a493a"},
    {file = "msgspec-0.18.5-cp310-cp310-manylinux_2_17_x86_64.manylinux2014_x86_64.whl", hash = "sha256:d5999eb65646b131f439ebb07c22446e8976b7fd8a312dca09ce6fa2c21162bb"},
    {file = "msgspec-0.18.5-cp310-cp310-musllinux_1_1_aarch64.whl", hash = "sha256:a0ec78bd93684db61dfccf7a421b2e1a525b1a0546b4d8c4e339151be57d58a6"},
    {file = "msgspec-0.18.5-cp310-cp310-musllinux_1_1_x86_64.whl", hash = "sha256:b547c7ad9786a79b0090a811d95d2d04063625a66fd96ed767cdfbabd8087c67"},
    {file = "msgspec-0.18.5-cp310-cp310-win_amd64.whl", hash = "sha256:e4c2fc93a98afefd1a78e957ca63363a8e5fd1b58bf70a8d66413c8f2a4723a2"},
    {file = "msgspec-0.18.5-cp311-cp311-macosx_10_9_x86_64.whl", hash = "sha256:ee1f9414523d9a53744d21a6a2b6a636d9008be016963148a2646b38132e11dd"},
    {file = "msgspec-0.18.5-cp311-cp311-macosx_11_0_arm64.whl", hash = "sha256:0017f6af35a3959002df4c82af60c1df2160701529dd89b17df971fde5945257"},
    {file = "msgspec-0.18.5-cp311-cp311-manylinux_2_17_aarch64.manylinux2014_aarch64.whl", hash = "sha256:13da9df61745b7757070dae6e3476ab4e13bb9dd3e3d11b050dfcae540058bd1"},
    {file = "msgspec-0.18.5-cp311-cp311-manylinux_2_17_x86_64.manylinux2014_x86_64.whl", hash = "sha256:01ed3472a0508f88a25a9d3bccafb840110f0fc5eb493b4baa43646e4e7c75c2"},
    {file = "msgspec-0.18.5-cp311-cp311-musllinux_1_1_aarch64.whl", hash = "sha256:f55c4610cb0514aef8b35bfd0682f4cc2d7efd5e9b58acf30abd90b2a2376b5d"},
    {file = "msgspec-0.18.5-cp311-cp311-musllinux_1_1_x86_64.whl", hash = "sha256:8f7c0460aefdc8f01ea35f26e38c62b574bbf0b138ade860f557bbf9e9dac50c"},
    {file = "msgspec-0.18.5-cp311-cp311-win_amd64.whl", hash = "sha256:024f880df7d2f8cfdb9f9904efa0f386d3692457159bd58f850c20f11c07d16f"},
    {file = "msgspec-0.18.5-cp312-cp312-macosx_10_9_x86_64.whl", hash = "sha256:b3d206af4280172948d014d20b2cea7939784a99ea9a7ac943ce71100dbe8f98"},
    {file = "msgspec-0.18.5-cp312-cp312-macosx_11_0_arm64.whl", hash = "sha256:261cc6e3a687e6f31b80056ab12f6adff3255f9b68b86d92b0b497f8b289c84c"},
    {file = "msgspec-0.18.5-cp312-cp312-manylinux_2_17_aarch64.manylinux2014_aarch64.whl", hash = "sha256:b6af133ba491a09ef8dcbc2d9904bcec220247e2067bb75d5d6daa12e0739d6c"},
    {file = "msgspec-0.18.5-cp312-cp312-manylinux_2_17_x86_64.manylinux2014_x86_64.whl", hash = "sha256:d318593e0ddc11b600552a470ec27baeb0b86a8e37903ac5ce7472ba0d6f7bf8"},
    {file = "msgspec-0.18.5-cp312-cp312-musllinux_1_1_aarch64.whl", hash = "sha256:9a7b682cca3ba251a19cc769d38615ddd9551e086858decd950c156c2e79ecc1"},
    {file = "msgspec-0.18.5-cp312-cp312-musllinux_1_1_x86_64.whl", hash = "sha256:b491b2549d22e11d7cfe34a231f9bd006cb6b71adefa070a070075d2f601e75c"},
    {file = "msgspec-0.18.5-cp312-cp312-win_amd64.whl", hash = "sha256:c79e7115f0143688c5d866359e7b6b76dd1581a81c9aeac7805a9d6320e9f2ca"},
    {file = "msgspec-0.18.5-cp38-cp38-macosx_10_9_x86_64.whl", hash = "sha256:c13e0a510bbd00cb29d193fceff55d1e17a99c9f97284cdbe61c15496c2f7803"},
    {file = "msgspec-0.18.5-cp38-cp38-macosx_11_0_arm64.whl", hash = "sha256:f4eeb22921ca6cdfbf17ca874eccbe23eb010c89ffb3017b628940c37d53ce4a"},
    {file = "msgspec-0.18.5-cp38-cp38-manylinux_2_17_aarch64.manylinux2014_aarch64.whl", hash = "sha256:9420750f19c311e490db3edff9d153621c4989c582cf1be40c307c86d6cc2c1e"},
    {file = "msgspec-0.18.5-cp38-cp38-manylinux_2_17_x86_64.manylinux2014_x86_64.whl", hash = "sha256:6431305c645fb2a88a6da1fcec53dbaac61697f1219000b9589f9286532aabc0"},
    {file = "msgspec-0.18.5-cp38-cp38-musllinux_1_1_aarch64.whl", hash = "sha256:b7b49cba0577edc8ac166263b5fec3619fe5a267805cfc041bccaf8a0c58ef05"},
    {file = "msgspec-0.18.5-cp38-cp38-musllinux_1_1_x86_64.whl", hash = "sha256:3f387cabddf2dc26d6fa7f1a8158deefc8db9e0626eacebbe4875f421c66d574"},
    {file = "msgspec-0.18.5-cp38-cp38-win_amd64.whl", hash = "sha256:482bdf77f3892dd603061b2b21ac6a4492bb797a552c92e833a41fe157162257"},
    {file = "msgspec-0.18.5-cp39-cp39-macosx_10_9_x86_64.whl", hash = "sha256:f290bfe7e21e8069890d101d8a060500b22a3aeb7860274644c4ec9240ddbedc"},
    {file = "msgspec-0.18.5-cp39-cp39-macosx_11_0_arm64.whl", hash = "sha256:0027fba5362a3cb1bdd5503709aa2dbffad22dffd50f415086ed5f74f229ead9"},
    {file = "msgspec-0.18.5-cp39-cp39-manylinux_2_17_aarch64.manylinux2014_aarch64.whl", hash = "sha256:bd8a64da668b4eeef4b21dcecc640ed6950db661e2ea42ae52bbac5a2dbffb3a"},
    {file = "msgspec-0.18.5-cp39-cp39-manylinux_2_17_x86_64.manylinux2014_x86_64.whl", hash = "sha256:be2440fa5699e1b3062d17fdfd8c6a459d72bb4edbce403353af6f39c8c5a6fa"},
    {file = "msgspec-0.18.5-cp39-cp39-musllinux_1_1_aarch64.whl", hash = "sha256:eccba21248f90f332335b109e89685e79940367974812cd13975313f480f3dd8"},
    {file = "msgspec-0.18.5-cp39-cp39-musllinux_1_1_x86_64.whl", hash = "sha256:c30fadc1a1118097920dd868e42469fed32c7078ca2feff2fc19e7c017065322"},
    {file = "msgspec-0.18.5-cp39-cp39-win_amd64.whl", hash = "sha256:fae28faef5fd61847930d8e86fd83c18f991a338efd8fbf69c1d35d42c652f41"},
    {file = "msgspec-0.18.5.tar.gz", hash = "sha256:8e545651531f2d01b983d0ac0c7f3b6d99674267ff261b5f344f5016160b5608"},
]

[package.extras]
dev = ["attrs", "coverage", "furo", "gcovr", "ipython", "msgpack", "mypy", "pre-commit", "pyright", "pytest", "pyyaml", "sphinx", "sphinx-copybutton", "sphinx-design", "tomli", "tomli-w"]
doc = ["furo", "ipython", "sphinx", "sphinx-copybutton", "sphinx-design"]
test = ["attrs", "msgpack", "mypy", "pyright", "pytest", "pyyaml", "tomli", "tomli-w"]
toml = ["tomli", "tomli-w"]
yaml = ["pyyaml"]

[[package]]
name = "nodeenv"
version = "1.8.0"
description = "Node.js virtual environment builder"
optional = false
python-versions = ">=2.7,!=3.0.*,!=3.1.*,!=3.2.*,!=3.3.*,!=3.4.*,!=3.5.*,!=3.6.*"
files = [
    {file = "nodeenv-1.8.0-py2.py3-none-any.whl", hash = "sha256:df865724bb3c3adc86b3876fa209771517b0cfe596beff01a92700e0e8be4cec"},
    {file = "nodeenv-1.8.0.tar.gz", hash = "sha256:d51e0c37e64fbf47d017feac3145cdbb58836d7eee8c6f6d3b6880c5456227d2"},
]

[package.dependencies]
setuptools = "*"

[[package]]
name = "pyright"
version = "1.1.340"
description = "Command line wrapper for pyright"
optional = false
python-versions = ">=3.7"
files = [
    {file = "pyright-1.1.340-py3-none-any.whl", hash = "sha256:cce44db270382caa2dd8e19fbb370c7550863454cfd4bcd971de6b6bf444e525"},
    {file = "pyright-1.1.340.tar.gz", hash = "sha256:2486cc2410b62c57ede245d9f5cb854a8a85dd789a82b8a9a1bbd787a9b5e449"},
]

[package.dependencies]
nodeenv = ">=1.6.0"

[package.extras]
all = ["twine (>=3.4.1)"]
dev = ["twine (>=3.4.1)"]

[[package]]
name = "ruff"
version = "0.1.8"
description = "An extremely fast Python linter and code formatter, written in Rust."
optional = false
python-versions = ">=3.7"
files = [
    {file = "ruff-0.1.8-py3-none-macosx_10_12_x86_64.macosx_11_0_arm64.macosx_10_12_universal2.whl", hash = "sha256:7de792582f6e490ae6aef36a58d85df9f7a0cfd1b0d4fe6b4fb51803a3ac96fa"},
    {file = "ruff-0.1.8-py3-none-macosx_10_12_x86_64.whl", hash = "sha256:c8e3255afd186c142eef4ec400d7826134f028a85da2146102a1172ecc7c3696"},
    {file = "ruff-0.1.8-py3-none-manylinux_2_17_aarch64.manylinux2014_aarch64.whl", hash = "sha256:ff78a7583020da124dd0deb835ece1d87bb91762d40c514ee9b67a087940528b"},
    {file = "ruff-0.1.8-py3-none-manylinux_2_17_armv7l.manylinux2014_armv7l.whl", hash = "sha256:bd8ee69b02e7bdefe1e5da2d5b6eaaddcf4f90859f00281b2333c0e3a0cc9cd6"},
    {file = "ruff-0.1.8-py3-none-manylinux_2_17_i686.manylinux2014_i686.whl", hash = "sha256:a05b0ddd7ea25495e4115a43125e8a7ebed0aa043c3d432de7e7d6e8e8cd6448"},
    {file = "ruff-0.1.8-py3-none-manylinux_2_17_ppc64.manylinux2014_ppc64.whl", hash = "sha256:e6f08ca730f4dc1b76b473bdf30b1b37d42da379202a059eae54ec7fc1fbcfed"},
    {file = "ruff-0.1.8-py3-none-manylinux_2_17_ppc64le.manylinux2014_ppc64le.whl", hash = "sha256:f35960b02df6b827c1b903091bb14f4b003f6cf102705efc4ce78132a0aa5af3"},
    {file = "ruff-0.1.8-py3-none-manylinux_2_17_s390x.manylinux2014_s390x.whl", hash = "sha256:7d076717c67b34c162da7c1a5bda16ffc205e0e0072c03745275e7eab888719f"},
    {file = "ruff-0.1.8-py3-none-manylinux_2_17_x86_64.manylinux2014_x86_64.whl", hash = "sha256:b6a21ab023124eafb7cef6d038f835cb1155cd5ea798edd8d9eb2f8b84be07d9"},
    {file = "ruff-0.1.8-py3-none-musllinux_1_2_aarch64.whl", hash = "sha256:ce697c463458555027dfb194cb96d26608abab920fa85213deb5edf26e026664"},
    {file = "ruff-0.1.8-py3-none-musllinux_1_2_armv7l.whl", hash = "sha256:db6cedd9ffed55548ab313ad718bc34582d394e27a7875b4b952c2d29c001b26"},
    {file = "ruff-0.1.8-py3-none-musllinux_1_2_i686.whl", hash = "sha256:05ffe9dbd278965271252704eddb97b4384bf58b971054d517decfbf8c523f05"},
    {file = "ruff-0.1.8-py3-none-musllinux_1_2_x86_64.whl", hash = "sha256:5daaeaf00ae3c1efec9742ff294b06c3a2a9db8d3db51ee4851c12ad385cda30"},
    {file = "ruff-0.1.8-py3-none-win32.whl", hash = "sha256:e49fbdfe257fa41e5c9e13c79b9e79a23a79bd0e40b9314bc53840f520c2c0b3"},
    {file = "ruff-0.1.8-py3-none-win_amd64.whl", hash = "sha256:f41f692f1691ad87f51708b823af4bb2c5c87c9248ddd3191c8f088e66ce590a"},
    {file = "ruff-0.1.8-py3-none-win_arm64.whl", hash = "sha256:aa8ee4f8440023b0a6c3707f76cadce8657553655dcbb5fc9b2f9bb9bee389f6"},
    {file = "ruff-0.1.8.tar.gz", hash = "sha256:f7ee467677467526cfe135eab86a40a0e8db43117936ac4f9b469ce9cdb3fb62"},
]

[[package]]
name = "setuptools"
version = "69.0.2"
description = "Easily download, build, install, upgrade, and uninstall Python packages"
optional = false
python-versions = ">=3.8"
files = [
    {file = "setuptools-69.0.2-py3-none-any.whl", hash = "sha256:1e8fdff6797d3865f37397be788a4e3cba233608e9b509382a2777d25ebde7f2"},
    {file = "setuptools-69.0.2.tar.gz", hash = "sha256:735896e78a4742605974de002ac60562d286fa8051a7e2299445e8e8fbb01aa6"},
]

[package.extras]
docs = ["furo", "jaraco.packaging (>=9.3)", "jaraco.tidelift (>=1.4)", "pygments-github-lexers (==0.0.5)", "rst.linker (>=1.9)", "sphinx (<7.2.5)", "sphinx (>=3.5)", "sphinx-favicon", "sphinx-inline-tabs", "sphinx-lint", "sphinx-notfound-page (>=1,<2)", "sphinx-reredirects", "sphinxcontrib-towncrier"]
testing = ["build[virtualenv]", "filelock (>=3.4.0)", "flake8-2020", "ini2toml[lite] (>=0.9)", "jaraco.develop (>=7.21)", "jaraco.envs (>=2.2)", "jaraco.path (>=3.2.0)", "pip (>=19.1)", "pytest (>=6)", "pytest-black (>=0.3.7)", "pytest-checkdocs (>=2.4)", "pytest-cov", "pytest-enabler (>=2.2)", "pytest-mypy (>=0.9.1)", "pytest-perf", "pytest-ruff", "pytest-timeout", "pytest-xdist", "tomli-w (>=1.0.0)", "virtualenv (>=13.0.0)", "wheel"]
testing-integration = ["build[virtualenv] (>=1.0.3)", "filelock (>=3.4.0)", "jaraco.envs (>=2.2)", "jaraco.path (>=3.2.0)", "packaging (>=23.1)", "pytest", "pytest-enabler", "pytest-xdist", "tomli", "virtualenv (>=13.0.0)", "wheel"]

[[package]]
name = "sniffio"
version = "1.3.0"
description = "Sniff out which async library your code is running under"
optional = false
python-versions = ">=3.7"
files = [
    {file = "sniffio-1.3.0-py3-none-any.whl", hash = "sha256:eecefdce1e5bbfb7ad2eeaabf7c1eeb404d7757c379bd1f7e5cce9d8bf425384"},
    {file = "sniffio-1.3.0.tar.gz", hash = "sha256:e60305c5e5d314f5389259b7f22aaa33d8f7dee49763119234af3755c55b9101"},
]

[[package]]
name = "typing-extensions"
version = "4.9.0"
description = "Backported and Experimental Type Hints for Python 3.8+"
optional = false
python-versions = ">=3.8"
files = [
    {file = "typing_extensions-4.9.0-py3-none-any.whl", hash = "sha256:af72aea155e91adfc61c3ae9e0e342dbc0cba726d6cba4b6c72c1f34e47291cd"},
    {file = "typing_extensions-4.9.0.tar.gz", hash = "sha256:23478f88c37f27d76ac8aee6c905017a143b0b1b886c3c9f66bc2fd94f9f5783"},
]

[metadata]
lock-version = "2.0"
python-versions = "^3.8"
content-hash = "472db60b51b779387ecb4ad90a9ec09200e5650663352ff4fe8434c10ad177b5"
