# This file is automatically @generated by Poetry 1.7.1 and should not be changed by hand.

[[package]]
name = "anyio"
version = "4.3.0"
description = "High level compatibility layer for multiple asynchronous event loop implementations"
optional = false
python-versions = ">=3.8"
files = [
    {file = "anyio-4.3.0-py3-none-any.whl", hash = "sha256:048e05d0f6caeed70d731f3db756d35dcc1f35747c8c403364a8332c630441b8"},
    {file = "anyio-4.3.0.tar.gz", hash = "sha256:f75253795a87df48568485fd18cdd2a3fa5c4f7c5be8e5e36637733fce06fed6"},
]

[package.dependencies]
exceptiongroup = {version = ">=1.0.2", markers = "python_version < \"3.11\""}
idna = ">=2.8"
sniffio = ">=1.1"
typing-extensions = {version = ">=4.1", markers = "python_version < \"3.11\""}

[package.extras]
doc = ["Sphinx (>=7)", "packaging", "sphinx-autodoc-typehints (>=1.2.0)", "sphinx-rtd-theme"]
test = ["anyio[trio]", "coverage[toml] (>=7)", "exceptiongroup (>=1.2.0)", "hypothesis (>=4.0)", "psutil (>=5.9)", "pytest (>=7.0)", "pytest-mock (>=3.6.1)", "trustme", "uvloop (>=0.17)"]
trio = ["trio (>=0.23)"]

[[package]]
name = "certifi"
version = "2024.2.2"
description = "Python package for providing Mozilla's CA Bundle."
optional = false
python-versions = ">=3.6"
files = [
    {file = "certifi-2024.2.2-py3-none-any.whl", hash = "sha256:dc383c07b76109f368f6106eee2b593b04a011ea4d55f652c6ca24a754d1cdd1"},
    {file = "certifi-2024.2.2.tar.gz", hash = "sha256:0569859f95fc761b18b45ef421b1290a0f65f147e92a1e5eb3e635f9a5e4e66f"},
]

[[package]]
name = "exceptiongroup"
version = "1.2.0"
description = "Backport of PEP 654 (exception groups)"
optional = false
python-versions = ">=3.7"
files = [
    {file = "exceptiongroup-1.2.0-py3-none-any.whl", hash = "sha256:4bfd3996ac73b41e9b9628b04e079f193850720ea5945fc96a08633c66912f14"},
    {file = "exceptiongroup-1.2.0.tar.gz", hash = "sha256:91f5c769735f051a4290d52edd0858999b57e5876e9f85937691bd4c9fa3ed68"},
]

[package.extras]
test = ["pytest (>=6)"]

[[package]]
name = "h11"
version = "0.14.0"
description = "A pure-Python, bring-your-own-I/O implementation of HTTP/1.1"
optional = false
python-versions = ">=3.7"
files = [
    {file = "h11-0.14.0-py3-none-any.whl", hash = "sha256:e3fe4ac4b851c468cc8363d500db52c2ead036020723024a109d37346efaa761"},
    {file = "h11-0.14.0.tar.gz", hash = "sha256:8f19fbbe99e72420ff35c00b27a34cb9937e902a8b810e2c88300c6f0a3b699d"},
]

[[package]]
name = "h2"
version = "4.1.0"
description = "HTTP/2 State-Machine based protocol implementation"
optional = false
python-versions = ">=3.6.1"
files = [
    {file = "h2-4.1.0-py3-none-any.whl", hash = "sha256:03a46bcf682256c95b5fd9e9a99c1323584c3eec6440d379b9903d709476bc6d"},
    {file = "h2-4.1.0.tar.gz", hash = "sha256:a83aca08fbe7aacb79fec788c9c0bac936343560ed9ec18b82a13a12c28d2abb"},
]

[package.dependencies]
hpack = ">=4.0,<5"
hyperframe = ">=6.0,<7"

[[package]]
name = "hpack"
version = "4.0.0"
description = "Pure-Python HPACK header compression"
optional = false
python-versions = ">=3.6.1"
files = [
    {file = "hpack-4.0.0-py3-none-any.whl", hash = "sha256:84a076fad3dc9a9f8063ccb8041ef100867b1878b25ef0ee63847a5d53818a6c"},
    {file = "hpack-4.0.0.tar.gz", hash = "sha256:fc41de0c63e687ebffde81187a948221294896f6bdc0ae2312708df339430095"},
]

[[package]]
name = "httpcore"
version = "1.0.5"
description = "A minimal low-level HTTP client."
optional = false
python-versions = ">=3.8"
files = [
    {file = "httpcore-1.0.5-py3-none-any.whl", hash = "sha256:421f18bac248b25d310f3cacd198d55b8e6125c107797b609ff9b7a6ba7991b5"},
    {file = "httpcore-1.0.5.tar.gz", hash = "sha256:34a38e2f9291467ee3b44e89dd52615370e152954ba21721378a87b2960f7a61"},
]

[package.dependencies]
certifi = "*"
h11 = ">=0.13,<0.15"

[package.extras]
asyncio = ["anyio (>=4.0,<5.0)"]
http2 = ["h2 (>=3,<5)"]
socks = ["socksio (==1.*)"]
trio = ["trio (>=0.22.0,<0.26.0)"]

[[package]]
name = "httpx"
version = "0.27.0"
description = "The next generation HTTP client."
optional = false
python-versions = ">=3.8"
files = [
    {file = "httpx-0.27.0-py3-none-any.whl", hash = "sha256:71d5465162c13681bff01ad59b2cc68dd838ea1f10e51574bac27103f00c91a5"},
    {file = "httpx-0.27.0.tar.gz", hash = "sha256:a0cb88a46f32dc874e04ee956e4c2764aba2aa228f650b06788ba6bda2962ab5"},
]

[package.dependencies]
anyio = "*"
certifi = "*"
h2 = {version = ">=3,<5", optional = true, markers = "extra == \"http2\""}
httpcore = "==1.*"
idna = "*"
sniffio = "*"

[package.extras]
brotli = ["brotli", "brotlicffi"]
cli = ["click (==8.*)", "pygments (==2.*)", "rich (>=10,<14)"]
http2 = ["h2 (>=3,<5)"]
socks = ["socksio (==1.*)"]

[[package]]
name = "hyperframe"
version = "6.0.1"
description = "HTTP/2 framing layer for Python"
optional = false
python-versions = ">=3.6.1"
files = [
    {file = "hyperframe-6.0.1-py3-none-any.whl", hash = "sha256:0ec6bafd80d8ad2195c4f03aacba3a8265e57bc4cff261e802bf39970ed02a15"},
    {file = "hyperframe-6.0.1.tar.gz", hash = "sha256:ae510046231dc8e9ecb1a6586f63d2347bf4c8905914aa84ba585ae85f28a914"},
]

[[package]]
name = "idna"
version = "3.6"
description = "Internationalized Domain Names in Applications (IDNA)"
optional = false
python-versions = ">=3.5"
files = [
    {file = "idna-3.6-py3-none-any.whl", hash = "sha256:c05567e9c24a6b9faaa835c4821bad0590fbb9d5779e7caa6e1cc4978e7eb24f"},
    {file = "idna-3.6.tar.gz", hash = "sha256:9ecdbbd083b06798ae1e86adcbfe8ab1479cf864e4ee30fe4e46a003d12491ca"},
]

[[package]]
name = "msgspec"
version = "0.18.6"
description = "A fast serialization and validation library, with builtin support for JSON, MessagePack, YAML, and TOML."
optional = false
python-versions = ">=3.8"
files = [
    {file = "msgspec-0.18.6-cp310-cp310-macosx_10_9_x86_64.whl", hash = "sha256:77f30b0234eceeff0f651119b9821ce80949b4d667ad38f3bfed0d0ebf9d6d8f"},
    {file = "msgspec-0.18.6-cp310-cp310-macosx_11_0_arm64.whl", hash = "sha256:1a76b60e501b3932782a9da039bd1cd552b7d8dec54ce38332b87136c64852dd"},
    {file = "msgspec-0.18.6-cp310-cp310-manylinux_2_17_aarch64.manylinux2014_aarch64.whl", hash = "sha256:06acbd6edf175bee0e36295d6b0302c6de3aaf61246b46f9549ca0041a9d7177"},
    {file = "msgspec-0.18.6-cp310-cp310-manylinux_2_17_x86_64.manylinux2014_x86_64.whl", hash = "sha256:40a4df891676d9c28a67c2cc39947c33de516335680d1316a89e8f7218660410"},
    {file = "msgspec-0.18.6-cp310-cp310-musllinux_1_1_aarch64.whl", hash = "sha256:a6896f4cd5b4b7d688018805520769a8446df911eb93b421c6c68155cdf9dd5a"},
    {file = "msgspec-0.18.6-cp310-cp310-musllinux_1_1_x86_64.whl", hash = "sha256:3ac4dd63fd5309dd42a8c8c36c1563531069152be7819518be0a9d03be9788e4"},
    {file = "msgspec-0.18.6-cp310-cp310-win_amd64.whl", hash = "sha256:fda4c357145cf0b760000c4ad597e19b53adf01382b711f281720a10a0fe72b7"},
    {file = "msgspec-0.18.6-cp311-cp311-macosx_10_9_x86_64.whl", hash = "sha256:e77e56ffe2701e83a96e35770c6adb655ffc074d530018d1b584a8e635b4f36f"},
    {file = "msgspec-0.18.6-cp311-cp311-macosx_11_0_arm64.whl", hash = "sha256:d5351afb216b743df4b6b147691523697ff3a2fc5f3d54f771e91219f5c23aaa"},
    {file = "msgspec-0.18.6-cp311-cp311-manylinux_2_17_aarch64.manylinux2014_aarch64.whl", hash = "sha256:c3232fabacef86fe8323cecbe99abbc5c02f7698e3f5f2e248e3480b66a3596b"},
    {file = "msgspec-0.18.6-cp311-cp311-manylinux_2_17_x86_64.manylinux2014_x86_64.whl", hash = "sha256:e3b524df6ea9998bbc99ea6ee4d0276a101bcc1aa8d14887bb823914d9f60d07"},
    {file = "msgspec-0.18.6-cp311-cp311-musllinux_1_1_aarch64.whl", hash = "sha256:37f67c1d81272131895bb20d388dd8d341390acd0e192a55ab02d4d6468b434c"},
    {file = "msgspec-0.18.6-cp311-cp311-musllinux_1_1_x86_64.whl", hash = "sha256:d0feb7a03d971c1c0353de1a8fe30bb6579c2dc5ccf29b5f7c7ab01172010492"},
    {file = "msgspec-0.18.6-cp311-cp311-win_amd64.whl", hash = "sha256:41cf758d3f40428c235c0f27bc6f322d43063bc32da7b9643e3f805c21ed57b4"},
    {file = "msgspec-0.18.6-cp312-cp312-macosx_10_9_x86_64.whl", hash = "sha256:d86f5071fe33e19500920333c11e2267a31942d18fed4d9de5bc2fbab267d28c"},
    {file = "msgspec-0.18.6-cp312-cp312-macosx_11_0_arm64.whl", hash = "sha256:ce13981bfa06f5eb126a3a5a38b1976bddb49a36e4f46d8e6edecf33ccf11df1"},
    {file = "msgspec-0.18.6-cp312-cp312-manylinux_2_17_aarch64.manylinux2014_aarch64.whl", hash = "sha256:e97dec6932ad5e3ee1e3c14718638ba333befc45e0661caa57033cd4cc489466"},
    {file = "msgspec-0.18.6-cp312-cp312-manylinux_2_17_x86_64.manylinux2014_x86_64.whl", hash = "sha256:ad237100393f637b297926cae1868b0d500f764ccd2f0623a380e2bcfb2809ca"},
    {file = "msgspec-0.18.6-cp312-cp312-musllinux_1_1_aarch64.whl", hash = "sha256:db1d8626748fa5d29bbd15da58b2d73af25b10aa98abf85aab8028119188ed57"},
    {file = "msgspec-0.18.6-cp312-cp312-musllinux_1_1_x86_64.whl", hash = "sha256:d70cb3d00d9f4de14d0b31d38dfe60c88ae16f3182988246a9861259c6722af6"},
    {file = "msgspec-0.18.6-cp312-cp312-win_amd64.whl", hash = "sha256:1003c20bfe9c6114cc16ea5db9c5466e49fae3d7f5e2e59cb70693190ad34da0"},
    {file = "msgspec-0.18.6-cp38-cp38-macosx_10_9_x86_64.whl", hash = "sha256:f7d9faed6dfff654a9ca7d9b0068456517f63dbc3aa704a527f493b9200b210a"},
    {file = "msgspec-0.18.6-cp38-cp38-macosx_11_0_arm64.whl", hash = "sha256:9da21f804c1a1471f26d32b5d9bc0480450ea77fbb8d9db431463ab64aaac2cf"},
    {file = "msgspec-0.18.6-cp38-cp38-manylinux_2_17_aarch64.manylinux2014_aarch64.whl", hash = "sha256:46eb2f6b22b0e61c137e65795b97dc515860bf6ec761d8fb65fdb62aa094ba61"},
    {file = "msgspec-0.18.6-cp38-cp38-manylinux_2_17_x86_64.manylinux2014_x86_64.whl", hash = "sha256:c8355b55c80ac3e04885d72db515817d9fbb0def3bab936bba104e99ad22cf46"},
    {file = "msgspec-0.18.6-cp38-cp38-musllinux_1_1_aarch64.whl", hash = "sha256:9080eb12b8f59e177bd1eb5c21e24dd2ba2fa88a1dbc9a98e05ad7779b54c681"},
    {file = "msgspec-0.18.6-cp38-cp38-musllinux_1_1_x86_64.whl", hash = "sha256:cc001cf39becf8d2dcd3f413a4797c55009b3a3cdbf78a8bf5a7ca8fdb76032c"},
    {file = "msgspec-0.18.6-cp38-cp38-win_amd64.whl", hash = "sha256:fac5834e14ac4da1fca373753e0c4ec9c8069d1fe5f534fa5208453b6065d5be"},
    {file = "msgspec-0.18.6-cp39-cp39-macosx_10_9_x86_64.whl", hash = "sha256:974d3520fcc6b824a6dedbdf2b411df31a73e6e7414301abac62e6b8d03791b4"},
    {file = "msgspec-0.18.6-cp39-cp39-macosx_11_0_arm64.whl", hash = "sha256:fd62e5818731a66aaa8e9b0a1e5543dc979a46278da01e85c3c9a1a4f047ef7e"},
    {file = "msgspec-0.18.6-cp39-cp39-manylinux_2_17_aarch64.manylinux2014_aarch64.whl", hash = "sha256:7481355a1adcf1f08dedd9311193c674ffb8bf7b79314b4314752b89a2cf7f1c"},
    {file = "msgspec-0.18.6-cp39-cp39-manylinux_2_17_x86_64.manylinux2014_x86_64.whl", hash = "sha256:6aa85198f8f154cf35d6f979998f6dadd3dc46a8a8c714632f53f5d65b315c07"},
    {file = "msgspec-0.18.6-cp39-cp39-musllinux_1_1_aarch64.whl", hash = "sha256:0e24539b25c85c8f0597274f11061c102ad6b0c56af053373ba4629772b407be"},
    {file = "msgspec-0.18.6-cp39-cp39-musllinux_1_1_x86_64.whl", hash = "sha256:c61ee4d3be03ea9cd089f7c8e36158786cd06e51fbb62529276452bbf2d52ece"},
    {file = "msgspec-0.18.6-cp39-cp39-win_amd64.whl", hash = "sha256:b5c390b0b0b7da879520d4ae26044d74aeee5144f83087eb7842ba59c02bc090"},
    {file = "msgspec-0.18.6.tar.gz", hash = "sha256:a59fc3b4fcdb972d09138cb516dbde600c99d07c38fd9372a6ef500d2d031b4e"},
]

[package.extras]
dev = ["attrs", "coverage", "furo", "gcovr", "ipython", "msgpack", "mypy", "pre-commit", "pyright", "pytest", "pyyaml", "sphinx", "sphinx-copybutton", "sphinx-design", "tomli", "tomli-w"]
doc = ["furo", "ipython", "sphinx", "sphinx-copybutton", "sphinx-design"]
test = ["attrs", "msgpack", "mypy", "pyright", "pytest", "pyyaml", "tomli", "tomli-w"]
toml = ["tomli", "tomli-w"]
yaml = ["pyyaml"]

[[package]]
name = "nodeenv"
version = "1.8.0"
description = "Node.js virtual environment builder"
optional = false
python-versions = ">=2.7,!=3.0.*,!=3.1.*,!=3.2.*,!=3.3.*,!=3.4.*,!=3.5.*,!=3.6.*"
files = [
    {file = "nodeenv-1.8.0-py2.py3-none-any.whl", hash = "sha256:df865724bb3c3adc86b3876fa209771517b0cfe596beff01a92700e0e8be4cec"},
    {file = "nodeenv-1.8.0.tar.gz", hash = "sha256:d51e0c37e64fbf47d017feac3145cdbb58836d7eee8c6f6d3b6880c5456227d2"},
]

[package.dependencies]
setuptools = "*"

[[package]]
name = "pyright"
version = "1.1.356"
description = "Command line wrapper for pyright"
optional = false
python-versions = ">=3.7"
files = [
    {file = "pyright-1.1.356-py3-none-any.whl", hash = "sha256:a101b0f375f93d7082f9046cfaa7ba15b7cf8e1939ace45e984c351f6e8feb99"},
    {file = "pyright-1.1.356.tar.gz", hash = "sha256:f05b8b29d06b96ed4a0885dad5a31d9dff691ca12b2f658249f583d5f2754021"},
]

[package.dependencies]
nodeenv = ">=1.6.0"

[package.extras]
all = ["twine (>=3.4.1)"]
dev = ["twine (>=3.4.1)"]

[[package]]
name = "ruff"
version = "0.3.4"
description = "An extremely fast Python linter and code formatter, written in Rust."
optional = false
python-versions = ">=3.7"
files = [
    {file = "ruff-0.3.4-py3-none-macosx_10_12_x86_64.macosx_11_0_arm64.macosx_10_12_universal2.whl", hash = "sha256:60c870a7d46efcbc8385d27ec07fe534ac32f3b251e4fc44b3cbfd9e09609ef4"},
    {file = "ruff-0.3.4-py3-none-macosx_10_12_x86_64.whl", hash = "sha256:6fc14fa742e1d8f24910e1fff0bd5e26d395b0e0e04cc1b15c7c5e5fe5b4af91"},
    {file = "ruff-0.3.4-py3-none-manylinux_2_17_aarch64.manylinux2014_aarch64.whl", hash = "sha256:d3ee7880f653cc03749a3bfea720cf2a192e4f884925b0cf7eecce82f0ce5854"},
    {file = "ruff-0.3.4-py3-none-manylinux_2_17_armv7l.manylinux2014_armv7l.whl", hash = "sha256:cf133dd744f2470b347f602452a88e70dadfbe0fcfb5fd46e093d55da65f82f7"},
    {file = "ruff-0.3.4-py3-none-manylinux_2_17_i686.manylinux2014_i686.whl", hash = "sha256:3f3860057590e810c7ffea75669bdc6927bfd91e29b4baa9258fd48b540a4365"},
    {file = "ruff-0.3.4-py3-none-manylinux_2_17_ppc64.manylinux2014_ppc64.whl", hash = "sha256:986f2377f7cf12efac1f515fc1a5b753c000ed1e0a6de96747cdf2da20a1b369"},
    {file = "ruff-0.3.4-py3-none-manylinux_2_17_ppc64le.manylinux2014_ppc64le.whl", hash = "sha256:c4fd98e85869603e65f554fdc5cddf0712e352fe6e61d29d5a6fe087ec82b76c"},
    {file = "ruff-0.3.4-py3-none-manylinux_2_17_s390x.manylinux2014_s390x.whl", hash = "sha256:64abeed785dad51801b423fa51840b1764b35d6c461ea8caef9cf9e5e5ab34d9"},
    {file = "ruff-0.3.4-py3-none-manylinux_2_17_x86_64.manylinux2014_x86_64.whl", hash = "sha256:df52972138318bc7546d92348a1ee58449bc3f9eaf0db278906eb511889c4b50"},
    {file = "ruff-0.3.4-py3-none-musllinux_1_2_aarch64.whl", hash = "sha256:98e98300056445ba2cc27d0b325fd044dc17fcc38e4e4d2c7711585bd0a958ed"},
    {file = "ruff-0.3.4-py3-none-musllinux_1_2_armv7l.whl", hash = "sha256:519cf6a0ebed244dce1dc8aecd3dc99add7a2ee15bb68cf19588bb5bf58e0488"},
    {file = "ruff-0.3.4-py3-none-musllinux_1_2_i686.whl", hash = "sha256:bb0acfb921030d00070539c038cd24bb1df73a2981e9f55942514af8b17be94e"},
    {file = "ruff-0.3.4-py3-none-musllinux_1_2_x86_64.whl", hash = "sha256:cf187a7e7098233d0d0c71175375c5162f880126c4c716fa28a8ac418dcf3378"},
    {file = "ruff-0.3.4-py3-none-win32.whl", hash = "sha256:af27ac187c0a331e8ef91d84bf1c3c6a5dea97e912a7560ac0cef25c526a4102"},
    {file = "ruff-0.3.4-py3-none-win_amd64.whl", hash = "sha256:de0d5069b165e5a32b3c6ffbb81c350b1e3d3483347196ffdf86dc0ef9e37dd6"},
    {file = "ruff-0.3.4-py3-none-win_arm64.whl", hash = "sha256:6810563cc08ad0096b57c717bd78aeac888a1bfd38654d9113cb3dc4d3f74232"},
    {file = "ruff-0.3.4.tar.gz", hash = "sha256:f0f4484c6541a99862b693e13a151435a279b271cff20e37101116a21e2a1ad1"},
]

[[package]]
name = "setuptools"
version = "69.2.0"
description = "Easily download, build, install, upgrade, and uninstall Python packages"
optional = false
python-versions = ">=3.8"
files = [
    {file = "setuptools-69.2.0-py3-none-any.whl", hash = "sha256:c21c49fb1042386df081cb5d86759792ab89efca84cf114889191cd09aacc80c"},
    {file = "setuptools-69.2.0.tar.gz", hash = "sha256:0ff4183f8f42cd8fa3acea16c45205521a4ef28f73c6391d8a25e92893134f2e"},
]

[package.extras]
docs = ["furo", "jaraco.packaging (>=9.3)", "jaraco.tidelift (>=1.4)", "pygments-github-lexers (==0.0.5)", "rst.linker (>=1.9)", "sphinx (<7.2.5)", "sphinx (>=3.5)", "sphinx-favicon", "sphinx-inline-tabs", "sphinx-lint", "sphinx-notfound-page (>=1,<2)", "sphinx-reredirects", "sphinxcontrib-towncrier"]
testing = ["build[virtualenv]", "filelock (>=3.4.0)", "importlib-metadata", "ini2toml[lite] (>=0.9)", "jaraco.develop (>=7.21)", "jaraco.envs (>=2.2)", "jaraco.path (>=3.2.0)", "mypy (==1.9)", "packaging (>=23.2)", "pip (>=19.1)", "pytest (>=6)", "pytest-checkdocs (>=2.4)", "pytest-cov", "pytest-enabler (>=2.2)", "pytest-home (>=0.5)", "pytest-mypy (>=0.9.1)", "pytest-perf", "pytest-ruff (>=0.2.1)", "pytest-timeout", "pytest-xdist (>=3)", "tomli", "tomli-w (>=1.0.0)", "virtualenv (>=13.0.0)", "wheel"]
testing-integration = ["build[virtualenv] (>=1.0.3)", "filelock (>=3.4.0)", "jaraco.envs (>=2.2)", "jaraco.path (>=3.2.0)", "packaging (>=23.2)", "pytest", "pytest-enabler", "pytest-xdist", "tomli", "virtualenv (>=13.0.0)", "wheel"]

[[package]]
name = "sniffio"
version = "1.3.1"
description = "Sniff out which async library your code is running under"
optional = false
python-versions = ">=3.7"
files = [
    {file = "sniffio-1.3.1-py3-none-any.whl", hash = "sha256:2f6da418d1f1e0fddd844478f41680e794e6051915791a034ff65e5f100525a2"},
    {file = "sniffio-1.3.1.tar.gz", hash = "sha256:f4324edc670a0f49750a81b895f35c3adb843cca46f0530f79fc1babb23789dc"},
]

[[package]]
name = "typing-extensions"
version = "4.10.0"
description = "Backported and Experimental Type Hints for Python 3.8+"
optional = false
python-versions = ">=3.8"
files = [
    {file = "typing_extensions-4.10.0-py3-none-any.whl", hash = "sha256:69b1a937c3a517342112fb4c6df7e72fc39a38e7891a5730ed4985b5214b5475"},
    {file = "typing_extensions-4.10.0.tar.gz", hash = "sha256:b0abd7c89e8fb96f98db18d86106ff1d90ab692004eb746cf6eda2682f91b3cb"},
]

[metadata]
lock-version = "2.0"
python-versions = "^3.8"
content-hash = "5ae5425427b496a5a4b86cb0653dfd27c0d1f8ee872b163e9e4ba447bc6289a8"
